
Microsoft Visual Studio Solution File, Format Version 12.00
# Visual Studio Version 17
VisualStudioVersion = 17.10.34916.146
MinimumVisualStudioVersion = 10.0.40219.1
Project("{FAE04EC0-301F-11D3-BF4B-00C04F79EFBC}") = "PaymentWebApp", "PaymentWebApp.csproj", "{A7AD88AB-2389-48FF-B8D0-446BFB7C396B}"
EndProject
Global
	GlobalSection(SolutionConfigurationPlatforms) = preSolution
		Debug|Any CPU = Debug|Any CPU
		Release|Any CPU = Release|Any CPU
	EndGlobalSection
	GlobalSection(ProjectConfigurationPlatforms) = postSolution
		{A7AD88AB-2389-48FF-B8D0-446BFB7C396B}.Debug|Any CPU.ActiveCfg = Debug|Any CPU
		{A7AD88AB-2389-48FF-B8D0-446BFB7C396B}.Debug|Any CPU.Build.0 = Debug|Any CPU
		{A7AD88AB-2389-48FF-B8D0-446BFB7C396B}.Release|Any CPU.ActiveCfg = Release|Any CPU
		{A7AD88AB-2389-48FF-B8D0-446BFB7C396B}.Release|Any CPU.Build.0 = Release|Any CPU
	EndGlobalSection
	GlobalSection(SolutionProperties) = preSolution
		HideSolutionNode = FALSE
	EndGlobalSection
	GlobalSection(ExtensibilityGlobals) = postSolution
		SolutionGuid = {7FFDF416-4F50-43D8-96B2-8B0EDF5FA534}
	EndGlobalSection
EndGlobal
